{
  "originHash" : "2879da57ba91bfda540ec27473e2a7c42368e7759f21bcf9b8facdcb074d5e02",
  "pins" : [
    {
      "identity" : "autopilot-core",
      "kind" : "remoteSourceControl",
      "location" : "https://github.com/jschwefel-CBB/autopilot-core",
      "state" : {
        "revision" : "e1863da742c887048d43584f27014e2491dbf483"
      }
    },
    {
      "identity" : "swift-argument-parser",
      "kind" : "remoteSourceControl",
      "location" : "https://github.com/apple/swift-argument-parser",
      "state" : {
        "revision" : "6a52f3251125d74daf04fcbd5e6f08a75d074382",
        "version" : "1.8.2"
      }
    }
  ],
  "version" : 3
}
