{
  "originHash" : "72c8c22bfbf4a3377c957975574aa4ad3291417c44e205f29b27b54b9bee148d",
  "pins" : [
    {
      "identity" : "autopilot-core",
      "kind" : "remoteSourceControl",
      "location" : "https://github.com/jschwefel-CBB/autopilot-core",
      "state" : {
        "revision" : "d18f5b5eeb9ba9310d100e2afddc4406db43ec91",
        "version" : "3.0.0"
      }
    },
    {
      "identity" : "swift-argument-parser",
      "kind" : "remoteSourceControl",
      "location" : "https://github.com/apple/swift-argument-parser",
      "state" : {
        "revision" : "6a52f3251125d74daf04fcbd5e6f08a75d074382",
        "version" : "1.8.2"
      }
    }
  ],
  "version" : 3
}
